
Microsoft Visual Studio Solution File, Format Version 12.00
# Visual Studio Version 17
VisualStudioVersion = 17.6.33829.357
MinimumVisualStudioVersion = 10.0.40219.1
Project("{2150E333-8FDC-42A3-9474-1A3956D46DE8}") = "Services", "Services", "{44F3030A-02E3-4388-A0BF-603C65346550}"
EndProject
Project("{2150E333-8FDC-42A3-9474-1A3956D46DE8}") = "Catalog", "Catalog", "{9C1C282E-592C-4612-AEB5-E124264A8ABA}"
EndProject
Project("{9A19103F-16F7-4668-BE54-9A1E7A4F7556}") = "Catalog.Api", "Services\Catalog\Catalog.Api\Catalog.Api.csproj", "{001AC9DF-9BCC-46D4-9468-51AB2BC2D918}"
EndProject
Project("{E53339B2-1760-4266-BCC7-CA923CBCF16C}") = "docker-compose", "docker-compose.dcproj", "{ABE8A521-2BD8-4779-BB5D-BC9C55544E36}"
EndProject
Project("{2150E333-8FDC-42A3-9474-1A3956D46DE8}") = "Basket", "Basket", "{54D41BDC-2F41-4095-96C4-08A6D13BC807}"
EndProject
Project("{9A19103F-16F7-4668-BE54-9A1E7A4F7556}") = "Basket.Api", "Services\Basket\Basket.Api\Basket.Api.csproj", "{417D9082-0DDB-4D06-A68C-109819E3FFFB}"
EndProject
Project("{2150E333-8FDC-42A3-9474-1A3956D46DE8}") = "Discount", "Discount", "{CD3BDA2B-C5DC-4774-A7F0-00D7D2346866}"
EndProject
Project("{9A19103F-16F7-4668-BE54-9A1E7A4F7556}") = "Discount.Api", "Services\Discount\Discount.Api\Discount.Api.csproj", "{8AFED18D-79B2-455C-B959-EDE184551B51}"
EndProject
Project("{9A19103F-16F7-4668-BE54-9A1E7A4F7556}") = "Discount.Grpc", "Services\Discount\Discount.Grpc\Discount.Grpc.csproj", "{4FBA956A-64AE-42AF-B9B1-A5FB86FB6AAA}"
EndProject
Project("{2150E333-8FDC-42A3-9474-1A3956D46DE8}") = "Ordering", "Ordering", "{775C5239-458B-445F-9C01-29BBD35B6388}"
EndProject
Project("{9A19103F-16F7-4668-BE54-9A1E7A4F7556}") = "Ordering.Api", "Services\Ordering\Ordering.Api\Ordering.Api.csproj", "{ECAF963B-49E6-4E7D-A5AE-D10522701BA6}"
EndProject
Project("{9A19103F-16F7-4668-BE54-9A1E7A4F7556}") = "Ordering.Domain", "Services\Ordering\Ordering.Domain\Ordering.Domain.csproj", "{C205D4DD-2C81-49E1-857E-94A11D03E6D9}"
EndProject
Project("{9A19103F-16F7-4668-BE54-9A1E7A4F7556}") = "Ordering.Application", "Services\Ordering\Ordering.Application\Ordering.Application.csproj", "{B0CE71DC-E764-412E-B4A3-1664A9354A0F}"
EndProject
Project("{9A19103F-16F7-4668-BE54-9A1E7A4F7556}") = "Ordering.Infrastructure", "Services\Ordering\Ordering.Infrastructure\Ordering.Infrastructure.csproj", "{C81D45FE-0C58-4C8A-93DB-C08948AFC604}"
EndProject
Project("{2150E333-8FDC-42A3-9474-1A3956D46DE8}") = "BuildingBlocks", "BuildingBlocks", "{C31E4D13-E78B-4DAA-AA7C-9D7EDFA7529E}"
EndProject
Project("{FAE04EC0-301F-11D3-BF4B-00C04F79EFBC}") = "EventBus.Messages", "BuildingBlocks\EventBus.Messages\EventBus.Messages.csproj", "{2E25FC35-D0E3-43E2-B479-5534511818C1}"
EndProject
Global
	GlobalSection(SolutionConfigurationPlatforms) = preSolution
		Debug|Any CPU = Debug|Any CPU
		Release|Any CPU = Release|Any CPU
	EndGlobalSection
	GlobalSection(ProjectConfigurationPlatforms) = postSolution
		{001AC9DF-9BCC-46D4-9468-51AB2BC2D918}.Debug|Any CPU.ActiveCfg = Debug|Any CPU
		{001AC9DF-9BCC-46D4-9468-51AB2BC2D918}.Debug|Any CPU.Build.0 = Debug|Any CPU
		{001AC9DF-9BCC-46D4-9468-51AB2BC2D918}.Release|Any CPU.ActiveCfg = Release|Any CPU
		{001AC9DF-9BCC-46D4-9468-51AB2BC2D918}.Release|Any CPU.Build.0 = Release|Any CPU
		{ABE8A521-2BD8-4779-BB5D-BC9C55544E36}.Debug|Any CPU.ActiveCfg = Debug|Any CPU
		{ABE8A521-2BD8-4779-BB5D-BC9C55544E36}.Debug|Any CPU.Build.0 = Debug|Any CPU
		{ABE8A521-2BD8-4779-BB5D-BC9C55544E36}.Release|Any CPU.ActiveCfg = Release|Any CPU
		{ABE8A521-2BD8-4779-BB5D-BC9C55544E36}.Release|Any CPU.Build.0 = Release|Any CPU
		{417D9082-0DDB-4D06-A68C-109819E3FFFB}.Debug|Any CPU.ActiveCfg = Debug|Any CPU
		{417D9082-0DDB-4D06-A68C-109819E3FFFB}.Debug|Any CPU.Build.0 = Debug|Any CPU
		{417D9082-0DDB-4D06-A68C-109819E3FFFB}.Release|Any CPU.ActiveCfg = Release|Any CPU
		{417D9082-0DDB-4D06-A68C-109819E3FFFB}.Release|Any CPU.Build.0 = Release|Any CPU
		{8AFED18D-79B2-455C-B959-EDE184551B51}.Debug|Any CPU.ActiveCfg = Debug|Any CPU
		{8AFED18D-79B2-455C-B959-EDE184551B51}.Debug|Any CPU.Build.0 = Debug|Any CPU
		{8AFED18D-79B2-455C-B959-EDE184551B51}.Release|Any CPU.ActiveCfg = Release|Any CPU
		{8AFED18D-79B2-455C-B959-EDE184551B51}.Release|Any CPU.Build.0 = Release|Any CPU
		{4FBA956A-64AE-42AF-B9B1-A5FB86FB6AAA}.Debug|Any CPU.ActiveCfg = Debug|Any CPU
		{4FBA956A-64AE-42AF-B9B1-A5FB86FB6AAA}.Debug|Any CPU.Build.0 = Debug|Any CPU
		{4FBA956A-64AE-42AF-B9B1-A5FB86FB6AAA}.Release|Any CPU.ActiveCfg = Release|Any CPU
		{4FBA956A-64AE-42AF-B9B1-A5FB86FB6AAA}.Release|Any CPU.Build.0 = Release|Any CPU
		{ECAF963B-49E6-4E7D-A5AE-D10522701BA6}.Debug|Any CPU.ActiveCfg = Debug|Any CPU
		{ECAF963B-49E6-4E7D-A5AE-D10522701BA6}.Debug|Any CPU.Build.0 = Debug|Any CPU
		{ECAF963B-49E6-4E7D-A5AE-D10522701BA6}.Release|Any CPU.ActiveCfg = Release|Any CPU
		{ECAF963B-49E6-4E7D-A5AE-D10522701BA6}.Release|Any CPU.Build.0 = Release|Any CPU
		{C205D4DD-2C81-49E1-857E-94A11D03E6D9}.Debug|Any CPU.ActiveCfg = Debug|Any CPU
		{C205D4DD-2C81-49E1-857E-94A11D03E6D9}.Debug|Any CPU.Build.0 = Debug|Any CPU
		{C205D4DD-2C81-49E1-857E-94A11D03E6D9}.Release|Any CPU.ActiveCfg = Release|Any CPU
		{C205D4DD-2C81-49E1-857E-94A11D03E6D9}.Release|Any CPU.Build.0 = Release|Any CPU
		{B0CE71DC-E764-412E-B4A3-1664A9354A0F}.Debug|Any CPU.ActiveCfg = Debug|Any CPU
		{B0CE71DC-E764-412E-B4A3-1664A9354A0F}.Debug|Any CPU.Build.0 = Debug|Any CPU
		{B0CE71DC-E764-412E-B4A3-1664A9354A0F}.Release|Any CPU.ActiveCfg = Release|Any CPU
		{B0CE71DC-E764-412E-B4A3-1664A9354A0F}.Release|Any CPU.Build.0 = Release|Any CPU
		{C81D45FE-0C58-4C8A-93DB-C08948AFC604}.Debug|Any CPU.ActiveCfg = Debug|Any CPU
		{C81D45FE-0C58-4C8A-93DB-C08948AFC604}.Debug|Any CPU.Build.0 = Debug|Any CPU
		{C81D45FE-0C58-4C8A-93DB-C08948AFC604}.Release|Any CPU.ActiveCfg = Release|Any CPU
		{C81D45FE-0C58-4C8A-93DB-C08948AFC604}.Release|Any CPU.Build.0 = Release|Any CPU
		{2E25FC35-D0E3-43E2-B479-5534511818C1}.Debug|Any CPU.ActiveCfg = Debug|Any CPU
		{2E25FC35-D0E3-43E2-B479-5534511818C1}.Debug|Any CPU.Build.0 = Debug|Any CPU
		{2E25FC35-D0E3-43E2-B479-5534511818C1}.Release|Any CPU.ActiveCfg = Release|Any CPU
		{2E25FC35-D0E3-43E2-B479-5534511818C1}.Release|Any CPU.Build.0 = Release|Any CPU
	EndGlobalSection
	GlobalSection(SolutionProperties) = preSolution
		HideSolutionNode = FALSE
	EndGlobalSection
	GlobalSection(NestedProjects) = preSolution
		{9C1C282E-592C-4612-AEB5-E124264A8ABA} = {44F3030A-02E3-4388-A0BF-603C65346550}
		{001AC9DF-9BCC-46D4-9468-51AB2BC2D918} = {9C1C282E-592C-4612-AEB5-E124264A8ABA}
		{54D41BDC-2F41-4095-96C4-08A6D13BC807} = {44F3030A-02E3-4388-A0BF-603C65346550}
		{417D9082-0DDB-4D06-A68C-109819E3FFFB} = {54D41BDC-2F41-4095-96C4-08A6D13BC807}
		{CD3BDA2B-C5DC-4774-A7F0-00D7D2346866} = {44F3030A-02E3-4388-A0BF-603C65346550}
		{8AFED18D-79B2-455C-B959-EDE184551B51} = {CD3BDA2B-C5DC-4774-A7F0-00D7D2346866}
		{4FBA956A-64AE-42AF-B9B1-A5FB86FB6AAA} = {CD3BDA2B-C5DC-4774-A7F0-00D7D2346866}
		{775C5239-458B-445F-9C01-29BBD35B6388} = {44F3030A-02E3-4388-A0BF-603C65346550}
		{ECAF963B-49E6-4E7D-A5AE-D10522701BA6} = {775C5239-458B-445F-9C01-29BBD35B6388}
		{C205D4DD-2C81-49E1-857E-94A11D03E6D9} = {775C5239-458B-445F-9C01-29BBD35B6388}
		{B0CE71DC-E764-412E-B4A3-1664A9354A0F} = {775C5239-458B-445F-9C01-29BBD35B6388}
		{C81D45FE-0C58-4C8A-93DB-C08948AFC604} = {775C5239-458B-445F-9C01-29BBD35B6388}
		{2E25FC35-D0E3-43E2-B479-5534511818C1} = {C31E4D13-E78B-4DAA-AA7C-9D7EDFA7529E}
	EndGlobalSection
	GlobalSection(ExtensibilityGlobals) = postSolution
		SolutionGuid = {3C75B10A-D669-476D-BB23-F3E684D875C5}
	EndGlobalSection
EndGlobal
